
Microsoft Visual Studio Solution File, Format Version 12.00
# Visual Studio Version 16
VisualStudioVersion = 16.0.30804.86
MinimumVisualStudioVersion = 10.0.40219.1
Project("{FAE04EC0-301F-11D3-BF4B-00C04F79EFBC}") = "Exercicio_ Aula212_Udemy", "Exercicio_ Aula212_Udemy\Exercicio_ Aula212_Udemy.csproj", "{67354608-1D74-4630-A7F2-78640FB29DBA}"
EndProject
Global
	GlobalSection(SolutionConfigurationPlatforms) = preSolution
		Debug|Any CPU = Debug|Any CPU
		Release|Any CPU = Release|Any CPU
	EndGlobalSection
	GlobalSection(ProjectConfigurationPlatforms) = postSolution
		{67354608-1D74-4630-A7F2-78640FB29DBA}.Debug|Any CPU.ActiveCfg = Debug|Any CPU
		{67354608-1D74-4630-A7F2-78640FB29DBA}.Debug|Any CPU.Build.0 = Debug|Any CPU
		{67354608-1D74-4630-A7F2-78640FB29DBA}.Release|Any CPU.ActiveCfg = Release|Any CPU
		{67354608-1D74-4630-A7F2-78640FB29DBA}.Release|Any CPU.Build.0 = Release|Any CPU
	EndGlobalSection
	GlobalSection(SolutionProperties) = preSolution
		HideSolutionNode = FALSE
	EndGlobalSection
	GlobalSection(ExtensibilityGlobals) = postSolution
		SolutionGuid = {892B23AA-8328-4EBB-8B4B-4DCBD800DF8F}
	EndGlobalSection
EndGlobal
